// !$*UTF8*$!
{
	archiveVersion = 1;
	classes = {
	};
	objectVersion = 71;
	objects = {

/* Begin PBXBuildFile section */
		A10000000000000000000011 /* AIUsageMenuApp.swift in Sources */ = {isa = PBXBuildFile; fileRef = A10000000000000000000101 /* AIUsageMenuApp.swift */; };
		A10000000000000000000012 /* MenuContentView.swift in Sources */ = {isa = PBXBuildFile; fileRef = A10000000000000000000102 /* MenuContentView.swift */; };
		A10000000000000000000013 /* UsageStore.swift in Sources */ = {isa = PBXBuildFile; fileRef = A10000000000000000000103 /* UsageStore.swift */; };
		A10000000000000000000014 /* UsageModels.swift in Sources */ = {isa = PBXBuildFile; fileRef = A10000000000000000000104 /* UsageModels.swift */; };
		A10000000000000000000015 /* ClaudeUsageReader.swift in Sources */ = {isa = PBXBuildFile; fileRef = A10000000000000000000105 /* ClaudeUsageReader.swift */; };
		A10000000000000000000016 /* CodexAppServerClient.swift in Sources */ = {isa = PBXBuildFile; fileRef = A10000000000000000000106 /* CodexAppServerClient.swift */; };
		A10000000000000000000021 /* ClaudeUsageReaderTests.swift in Sources */ = {isa = PBXBuildFile; fileRef = A10000000000000000000201 /* ClaudeUsageReaderTests.swift */; };
		A10000000000000000000022 /* CodexResponseParserTests.swift in Sources */ = {isa = PBXBuildFile; fileRef = A10000000000000000000202 /* CodexResponseParserTests.swift */; };
/* End PBXBuildFile section */

/* Begin PBXContainerItemProxy section */
		95D9F0F93037A446001ABD1A /* PBXContainerItemProxy */ = {
			isa = PBXContainerItemProxy;
			containerPortal = A10000000000000000000901 /* Project object */;
			proxyType = 1;
			remoteGlobalIDString = A10000000000000000000001;
			remoteInfo = AIUsageMenu;
		};
/* End PBXContainerItemProxy section */

/* Begin PBXFileReference section */
		A10000000000000000000101 /* AIUsageMenuApp.swift */ = {isa = PBXFileReference; lastKnownFileType = sourcecode.swift; path = AIUsageMenuApp.swift; sourceTree = "<group>"; };
		A10000000000000000000102 /* MenuContentView.swift */ = {isa = PBXFileReference; lastKnownFileType = sourcecode.swift; path = MenuContentView.swift; sourceTree = "<group>"; };
		A10000000000000000000103 /* UsageStore.swift */ = {isa = PBXFileReference; lastKnownFileType = sourcecode.swift; path = UsageStore.swift; sourceTree = "<group>"; };
		A10000000000000000000104 /* UsageModels.swift */ = {isa = PBXFileReference; lastKnownFileType = sourcecode.swift; path = UsageModels.swift; sourceTree = "<group>"; };
		A10000000000000000000105 /* ClaudeUsageReader.swift */ = {isa = PBXFileReference; lastKnownFileType = sourcecode.swift; path = ClaudeUsageReader.swift; sourceTree = "<group>"; };
		A10000000000000000000106 /* CodexAppServerClient.swift */ = {isa = PBXFileReference; lastKnownFileType = sourcecode.swift; path = CodexAppServerClient.swift; sourceTree = "<group>"; };
		A10000000000000000000107 /* Info.plist */ = {isa = PBXFileReference; lastKnownFileType = text.plist.xml; path = Info.plist; sourceTree = "<group>"; };
		A10000000000000000000201 /* ClaudeUsageReaderTests.swift */ = {isa = PBXFileReference; lastKnownFileType = sourcecode.swift; path = ClaudeUsageReaderTests.swift; sourceTree = "<group>"; };
		A10000000000000000000202 /* CodexResponseParserTests.swift */ = {isa = PBXFileReference; lastKnownFileType = sourcecode.swift; path = CodexResponseParserTests.swift; sourceTree = "<group>"; };
		A10000000000000000000301 /* AIUsageMenu.app */ = {isa = PBXFileReference; explicitFileType = wrapper.application; path = AIUsageMenu.app; sourceTree = BUILT_PRODUCTS_DIR; };
		A10000000000000000000302 /* AIUsageMenuTests.xctest */ = {isa = PBXFileReference; explicitFileType = wrapper.cfbundle; path = AIUsageMenuTests.xctest; sourceTree = BUILT_PRODUCTS_DIR; };
/* End PBXFileReference section */

/* Begin PBXFrameworksBuildPhase section */
		A10000000000000000000401 /* Frameworks */ = {
			isa = PBXFrameworksBuildPhase;
			buildActionMask = 2147483647;
			files = (
			);
			runOnlyForDeploymentPostprocessing = 0;
		};
		A10000000000000000000402 /* Frameworks */ = {
			isa = PBXFrameworksBuildPhase;
			buildActionMask = 2147483647;
			files = (
			);
			runOnlyForDeploymentPostprocessing = 0;
		};
/* End PBXFrameworksBuildPhase section */

/* Begin PBXGroup section */
		A10000000000000000000501 = {
			isa = PBXGroup;
			children = (
				A10000000000000000000502 /* AIUsageMenu */,
				A10000000000000000000503 /* AIUsageMenuTests */,
				A10000000000000000000504 /* Products */,
			);
			sourceTree = "<group>";
		};
		A10000000000000000000502 /* AIUsageMenu */ = {
			isa = PBXGroup;
			children = (
				A10000000000000000000101 /* AIUsageMenuApp.swift */,
				A10000000000000000000102 /* MenuContentView.swift */,
				A10000000000000000000103 /* UsageStore.swift */,
				A10000000000000000000104 /* UsageModels.swift */,
				A10000000000000000000105 /* ClaudeUsageReader.swift */,
				A10000000000000000000106 /* CodexAppServerClient.swift */,
				A10000000000000000000107 /* Info.plist */,
			);
			path = AIUsageMenu;
			sourceTree = "<group>";
		};
		A10000000000000000000503 /* AIUsageMenuTests */ = {
			isa = PBXGroup;
			children = (
				A10000000000000000000201 /* ClaudeUsageReaderTests.swift */,
				A10000000000000000000202 /* CodexResponseParserTests.swift */,
			);
			path = AIUsageMenuTests;
			sourceTree = "<group>";
		};
		A10000000000000000000504 /* Products */ = {
			isa = PBXGroup;
			children = (
				A10000000000000000000301 /* AIUsageMenu.app */,
				A10000000000000000000302 /* AIUsageMenuTests.xctest */,
			);
			name = Products;
			sourceTree = "<group>";
		};
/* End PBXGroup section */

/* Begin PBXNativeTarget section */
		A10000000000000000000001 /* AIUsageMenu */ = {
			isa = PBXNativeTarget;
			buildConfigurationList = A10000000000000000000601 /* Build configuration list for PBXNativeTarget "AIUsageMenu" */;
			buildPhases = (
				A10000000000000000000401 /* Frameworks */,
				A10000000000000000000701 /* Sources */,
			);
			buildRules = (
			);
			dependencies = (
			);
			name = AIUsageMenu;
			productName = AIUsageMenu;
			productReference = A10000000000000000000301 /* AIUsageMenu.app */;
			productType = "com.apple.product-type.application";
		};
		A10000000000000000000002 /* AIUsageMenuTests */ = {
			isa = PBXNativeTarget;
			buildConfigurationList = A10000000000000000000602 /* Build configuration list for PBXNativeTarget "AIUsageMenuTests" */;
			buildPhases = (
				A10000000000000000000402 /* Frameworks */,
				A10000000000000000000702 /* Sources */,
			);
			buildRules = (
			);
			dependencies = (
				A10000000000000000000801 /* PBXTargetDependency */,
			);
			name = AIUsageMenuTests;
			productName = AIUsageMenuTests;
			productReference = A10000000000000000000302 /* AIUsageMenuTests.xctest */;
			productType = "com.apple.product-type.bundle.unit-test";
		};
/* End PBXNativeTarget section */

/* Begin PBXProject section */
		A10000000000000000000901 /* Project object */ = {
			isa = PBXProject;
			attributes = {
				BuildIndependentTargetsInParallel = YES;
				LastUpgradeCheck = 2660;
				TargetAttributes = {
					A10000000000000000000001 = {
						CreatedOnToolsVersion = 26.0;
					};
				};
			};
			buildConfigurationList = A10000000000000000000600 /* Build configuration list for PBXProject "AIUsageMenu" */;
			compatibilityVersion = "Xcode 16.0";
			developmentRegion = en;
			hasScannedForEncodings = 0;
			knownRegions = (
				en,
				Base,
			);
			mainGroup = A10000000000000000000501;
			productRefGroup = A10000000000000000000504 /* Products */;
			projectDirPath = "";
			projectRoot = "";
			targets = (
				A10000000000000000000001 /* AIUsageMenu */,
				A10000000000000000000002 /* AIUsageMenuTests */,
			);
		};
/* End PBXProject section */

/* Begin PBXSourcesBuildPhase section */
		A10000000000000000000701 /* Sources */ = {
			isa = PBXSourcesBuildPhase;
			buildActionMask = 2147483647;
			files = (
				A10000000000000000000011 /* AIUsageMenuApp.swift in Sources */,
				A10000000000000000000012 /* MenuContentView.swift in Sources */,
				A10000000000000000000013 /* UsageStore.swift in Sources */,
				A10000000000000000000014 /* UsageModels.swift in Sources */,
				A10000000000000000000015 /* ClaudeUsageReader.swift in Sources */,
				A10000000000000000000016 /* CodexAppServerClient.swift in Sources */,
			);
			runOnlyForDeploymentPostprocessing = 0;
		};
		A10000000000000000000702 /* Sources */ = {
			isa = PBXSourcesBuildPhase;
			buildActionMask = 2147483647;
			files = (
				A10000000000000000000021 /* ClaudeUsageReaderTests.swift in Sources */,
				A10000000000000000000022 /* CodexResponseParserTests.swift in Sources */,
			);
			runOnlyForDeploymentPostprocessing = 0;
		};
/* End PBXSourcesBuildPhase section */

/* Begin PBXTargetDependency section */
		A10000000000000000000801 /* PBXTargetDependency */ = {
			isa = PBXTargetDependency;
			target = A10000000000000000000001 /* AIUsageMenu */;
			targetProxy = 95D9F0F93037A446001ABD1A /* PBXContainerItemProxy */;
		};
/* End PBXTargetDependency section */

/* Begin XCBuildConfiguration section */
		A10000000000000000001001 /* Debug */ = {
			isa = XCBuildConfiguration;
			buildSettings = {
				CLANG_ENABLE_MODULES = YES;
				CLANG_ENABLE_OBJC_WEAK = YES;
				CODE_SIGN_STYLE = Automatic;
				DEAD_CODE_STRIPPING = YES;
				ENABLE_TESTABILITY = YES;
				INFOPLIST_FILE = AIUsageMenu/Info.plist;
				INFOPLIST_KEY_CFBundleDisplayName = "Token Usage";
				INFOPLIST_KEY_LSApplicationCategoryType = "public.app-category.developer-tools";
				MACOSX_DEPLOYMENT_TARGET = 13.0;
				PRODUCT_BUNDLE_IDENTIFIER = com.zhuy9.AIUsageMenu;
				PRODUCT_NAME = "$(TARGET_NAME)";
				SWIFT_VERSION = 5.0;
			};
			name = Debug;
		};
		A10000000000000000001002 /* Release */ = {
			isa = XCBuildConfiguration;
			buildSettings = {
				CLANG_ENABLE_MODULES = YES;
				CLANG_ENABLE_OBJC_WEAK = YES;
				CODE_SIGN_STYLE = Automatic;
				DEAD_CODE_STRIPPING = YES;
				INFOPLIST_FILE = AIUsageMenu/Info.plist;
				INFOPLIST_KEY_CFBundleDisplayName = "Token Usage";
				INFOPLIST_KEY_LSApplicationCategoryType = "public.app-category.developer-tools";
				MACOSX_DEPLOYMENT_TARGET = 13.0;
				PRODUCT_BUNDLE_IDENTIFIER = com.zhuy9.AIUsageMenu;
				PRODUCT_NAME = "$(TARGET_NAME)";
				SWIFT_VERSION = 5.0;
			};
			name = Release;
		};
		A10000000000000000001003 /* Debug */ = {
			isa = XCBuildConfiguration;
			buildSettings = {
				BUNDLE_LOADER = "$(TEST_HOST)";
				CLANG_ENABLE_OBJC_WEAK = YES;
				DEAD_CODE_STRIPPING = YES;
				GENERATE_INFOPLIST_FILE = YES;
				MACOSX_DEPLOYMENT_TARGET = 13.0;
				PRODUCT_BUNDLE_IDENTIFIER = com.zhuy9.AIUsageMenuTests;
				PRODUCT_NAME = "$(TARGET_NAME)";
				SWIFT_VERSION = 5.0;
				TEST_HOST = "$(BUILT_PRODUCTS_DIR)/AIUsageMenu.app/Contents/MacOS/AIUsageMenu";
			};
			name = Debug;
		};
		A10000000000000000001004 /* Release */ = {
			isa = XCBuildConfiguration;
			buildSettings = {
				BUNDLE_LOADER = "$(TEST_HOST)";
				CLANG_ENABLE_OBJC_WEAK = YES;
				DEAD_CODE_STRIPPING = YES;
				GENERATE_INFOPLIST_FILE = YES;
				MACOSX_DEPLOYMENT_TARGET = 13.0;
				PRODUCT_BUNDLE_IDENTIFIER = com.zhuy9.AIUsageMenuTests;
				PRODUCT_NAME = "$(TARGET_NAME)";
				SWIFT_VERSION = 5.0;
				TEST_HOST = "$(BUILT_PRODUCTS_DIR)/AIUsageMenu.app/Contents/MacOS/AIUsageMenu";
			};
			name = Release;
		};
		A10000000000000000001005 /* Debug */ = {
			isa = XCBuildConfiguration;
			buildSettings = {
				CLANG_WARN_BLOCK_CAPTURE_AUTORELEASING = YES;
				CLANG_WARN_BOOL_CONVERSION = YES;
				CLANG_WARN_COMMA = YES;
				CLANG_WARN_CONSTANT_CONVERSION = YES;
				CLANG_WARN_DEPRECATED_OBJC_IMPLEMENTATIONS = YES;
				CLANG_WARN_EMPTY_BODY = YES;
				CLANG_WARN_ENUM_CONVERSION = YES;
				CLANG_WARN_INFINITE_RECURSION = YES;
				CLANG_WARN_INT_CONVERSION = YES;
				CLANG_WARN_NON_LITERAL_NULL_CONVERSION = YES;
				CLANG_WARN_OBJC_IMPLICIT_RETAIN_SELF = YES;
				CLANG_WARN_OBJC_LITERAL_CONVERSION = YES;
				CLANG_WARN_QUOTED_INCLUDE_IN_FRAMEWORK_HEADER = YES;
				CLANG_WARN_RANGE_LOOP_ANALYSIS = YES;
				CLANG_WARN_STRICT_PROTOTYPES = YES;
				CLANG_WARN_SUSPICIOUS_MOVE = YES;
				CLANG_WARN_UNREACHABLE_CODE = YES;
				CLANG_WARN__DUPLICATE_METHOD_MATCH = YES;
				DEAD_CODE_STRIPPING = YES;
				ENABLE_STRICT_OBJC_MSGSEND = YES;
				ENABLE_TESTABILITY = YES;
				ENABLE_USER_SCRIPT_SANDBOXING = YES;
				GCC_NO_COMMON_BLOCKS = YES;
				GCC_WARN_64_TO_32_BIT_CONVERSION = YES;
				GCC_WARN_ABOUT_RETURN_TYPE = YES;
				GCC_WARN_UNDECLARED_SELECTOR = YES;
				GCC_WARN_UNINITIALIZED_AUTOS = YES;
				GCC_WARN_UNUSED_FUNCTION = YES;
				GCC_WARN_UNUSED_VARIABLE = YES;
				ONLY_ACTIVE_ARCH = YES;
				STRING_CATALOG_GENERATE_SYMBOLS = YES;
			};
			name = Debug;
		};
		A10000000000000000001006 /* Release */ = {
			isa = XCBuildConfiguration;
			buildSettings = {
				CLANG_WARN_BLOCK_CAPTURE_AUTORELEASING = YES;
				CLANG_WARN_BOOL_CONVERSION = YES;
				CLANG_WARN_COMMA = YES;
				CLANG_WARN_CONSTANT_CONVERSION = YES;
				CLANG_WARN_DEPRECATED_OBJC_IMPLEMENTATIONS = YES;
				CLANG_WARN_EMPTY_BODY = YES;
				CLANG_WARN_ENUM_CONVERSION = YES;
				CLANG_WARN_INFINITE_RECURSION = YES;
				CLANG_WARN_INT_CONVERSION = YES;
				CLANG_WARN_NON_LITERAL_NULL_CONVERSION = YES;
				CLANG_WARN_OBJC_IMPLICIT_RETAIN_SELF = YES;
				CLANG_WARN_OBJC_LITERAL_CONVERSION = YES;
				CLANG_WARN_QUOTED_INCLUDE_IN_FRAMEWORK_HEADER = YES;
				CLANG_WARN_RANGE_LOOP_ANALYSIS = YES;
				CLANG_WARN_STRICT_PROTOTYPES = YES;
				CLANG_WARN_SUSPICIOUS_MOVE = YES;
				CLANG_WARN_UNREACHABLE_CODE = YES;
				CLANG_WARN__DUPLICATE_METHOD_MATCH = YES;
				DEAD_CODE_STRIPPING = YES;
				ENABLE_STRICT_OBJC_MSGSEND = YES;
				ENABLE_USER_SCRIPT_SANDBOXING = YES;
				GCC_NO_COMMON_BLOCKS = YES;
				GCC_WARN_64_TO_32_BIT_CONVERSION = YES;
				GCC_WARN_ABOUT_RETURN_TYPE = YES;
				GCC_WARN_UNDECLARED_SELECTOR = YES;
				GCC_WARN_UNINITIALIZED_AUTOS = YES;
				GCC_WARN_UNUSED_FUNCTION = YES;
				GCC_WARN_UNUSED_VARIABLE = YES;
				STRING_CATALOG_GENERATE_SYMBOLS = YES;
				SWIFT_COMPILATION_MODE = wholemodule;
			};
			name = Release;
		};
/* End XCBuildConfiguration section */

/* Begin XCConfigurationList section */
		A10000000000000000000600 /* Build configuration list for PBXProject "AIUsageMenu" */ = {
			isa = XCConfigurationList;
			buildConfigurations = (
				A10000000000000000001005 /* Debug */,
				A10000000000000000001006 /* Release */,
			);
			defaultConfigurationIsVisible = 0;
			defaultConfigurationName = Release;
		};
		A10000000000000000000601 /* Build configuration list for PBXNativeTarget "AIUsageMenu" */ = {
			isa = XCConfigurationList;
			buildConfigurations = (
				A10000000000000000001001 /* Debug */,
				A10000000000000000001002 /* Release */,
			);
			defaultConfigurationIsVisible = 0;
			defaultConfigurationName = Release;
		};
		A10000000000000000000602 /* Build configuration list for PBXNativeTarget "AIUsageMenuTests" */ = {
			isa = XCConfigurationList;
			buildConfigurations = (
				A10000000000000000001003 /* Debug */,
				A10000000000000000001004 /* Release */,
			);
			defaultConfigurationIsVisible = 0;
			defaultConfigurationName = Release;
		};
/* End XCConfigurationList section */
	};
	rootObject = A10000000000000000000901 /* Project object */;
}
